
Microsoft Visual Studio Solution File, Format Version 12.00
Project("{FAE04EC0-301F-11D3-BF4B-00C04F79EFBC}") = "HuntShowdownAPI", "HuntShowdownAPI\HuntShowdownAPI.csproj", "{E7647333-911F-4AD2-904B-544DEF4863CA}"
EndProject
Project("{FAE04EC0-301F-11D3-BF4B-00C04F79EFBC}") = "HuntShowdownAPI.UnitTests", "HuntShowdownAPI.UnitTests\HuntShowdownAPI.UnitTests.csproj", "{119CA6C7-7C52-49C7-9D93-C8005122ED5C}"
EndProject
Global
	GlobalSection(SolutionConfigurationPlatforms) = preSolution
		Debug|Any CPU = Debug|Any CPU
		Release|Any CPU = Release|Any CPU
	EndGlobalSection
	GlobalSection(ProjectConfigurationPlatforms) = postSolution
		{E7647333-911F-4AD2-904B-544DEF4863CA}.Debug|Any CPU.ActiveCfg = Debug|Any CPU
		{E7647333-911F-4AD2-904B-544DEF4863CA}.Debug|Any CPU.Build.0 = Debug|Any CPU
		{E7647333-911F-4AD2-904B-544DEF4863CA}.Release|Any CPU.ActiveCfg = Release|Any CPU
		{E7647333-911F-4AD2-904B-544DEF4863CA}.Release|Any CPU.Build.0 = Release|Any CPU
		{119CA6C7-7C52-49C7-9D93-C8005122ED5C}.Debug|Any CPU.ActiveCfg = Debug|Any CPU
		{119CA6C7-7C52-49C7-9D93-C8005122ED5C}.Debug|Any CPU.Build.0 = Debug|Any CPU
		{119CA6C7-7C52-49C7-9D93-C8005122ED5C}.Release|Any CPU.ActiveCfg = Release|Any CPU
		{119CA6C7-7C52-49C7-9D93-C8005122ED5C}.Release|Any CPU.Build.0 = Release|Any CPU
	EndGlobalSection
EndGlobal
